
Microsoft Visual Studio Solution File, Format Version 12.00
# Visual Studio Version 17
VisualStudioVersion = 17.0.31919.166
MinimumVisualStudioVersion = 10.0.40219.1
Project("{FAE04EC0-301F-11D3-BF4B-00C04F79EFBC}") = "MyApi", "MyApi\MyApi.csproj", "{B8557B26-1C36-4450-A52E-FA2E72EFA89D}"
EndProject
Global
	GlobalSection(SolutionConfigurationPlatforms) = preSolution
		Debug|Any CPU = Debug|Any CPU
		Release|Any CPU = Release|Any CPU
	EndGlobalSection
	GlobalSection(ProjectConfigurationPlatforms) = postSolution
		{B8557B26-1C36-4450-A52E-FA2E72EFA89D}.Debug|Any CPU.ActiveCfg = Debug|Any CPU
		{B8557B26-1C36-4450-A52E-FA2E72EFA89D}.Debug|Any CPU.Build.0 = Debug|Any CPU
		{B8557B26-1C36-4450-A52E-FA2E72EFA89D}.Release|Any CPU.ActiveCfg = Release|Any CPU
		{B8557B26-1C36-4450-A52E-FA2E72EFA89D}.Release|Any CPU.Build.0 = Release|Any CPU
	EndGlobalSection
	GlobalSection(SolutionProperties) = preSolution
		HideSolutionNode = FALSE
	EndGlobalSection
	GlobalSection(ExtensibilityGlobals) = postSolution
		SolutionGuid = {4672EBF0-A8CB-4FB8-858F-B6EEC2CFD9C3}
	EndGlobalSection
EndGlobal
